
Microsoft Visual Studio Solution File, Format Version 12.00
# Visual Studio 15
Project("{FAE04EC0-301F-11D3-BF4B-00C04F79EFBC}") = "Polynomial", "Polynomial\Polynomial.csproj", "{5B30B77C-F4D9-42C9-9752-DF9A24174F26}"
EndProject
Project("{FAE04EC0-301F-11D3-BF4B-00C04F79EFBC}") = "PolynomialTests", "PolynomTests\PolynomialTests.csproj", "{777097DE-9F7F-414E-946B-FA535A428218}"
EndProject
Global
	GlobalSection(SolutionConfigurationPlatforms) = preSolution
		Debug|Any CPU = Debug|Any CPU
		Release|Any CPU = Release|Any CPU
	EndGlobalSection
	GlobalSection(ProjectConfigurationPlatforms) = postSolution
		{5B30B77C-F4D9-42C9-9752-DF9A24174F26}.Debug|Any CPU.ActiveCfg = Debug|Any CPU
		{5B30B77C-F4D9-42C9-9752-DF9A24174F26}.Debug|Any CPU.Build.0 = Debug|Any CPU
		{5B30B77C-F4D9-42C9-9752-DF9A24174F26}.Release|Any CPU.ActiveCfg = Release|Any CPU
		{5B30B77C-F4D9-42C9-9752-DF9A24174F26}.Release|Any CPU.Build.0 = Release|Any CPU
		{777097DE-9F7F-414E-946B-FA535A428218}.Debug|Any CPU.ActiveCfg = Debug|Any CPU
		{777097DE-9F7F-414E-946B-FA535A428218}.Debug|Any CPU.Build.0 = Debug|Any CPU
		{777097DE-9F7F-414E-946B-FA535A428218}.Release|Any CPU.ActiveCfg = Release|Any CPU
		{777097DE-9F7F-414E-946B-FA535A428218}.Release|Any CPU.Build.0 = Release|Any CPU
	EndGlobalSection
EndGlobal
